Microsoft Visual Studio Solution File, Format Version 12.00
# Visual Studio Version 17
VisualStudioVersion = 17.5.2.0
MinimumVisualStudioVersion = 10.0.40219.1
Project("{FAE04EC0-301F-11D3-BF4B-00C04F79EFBC}") = "UnitCheck", "UnitCheck.csproj", "{035DAC0D-B910-3529-AFBB-AD6310C97BC1}"
EndProject
Global
	GlobalSection(SolutionConfigurationPlatforms) = preSolution
		Debug|Any CPU = Debug|Any CPU
		Release|Any CPU = Release|Any CPU
	EndGlobalSection
	GlobalSection(ProjectConfigurationPlatforms) = postSolution
		{035DAC0D-B910-3529-AFBB-AD6310C97BC1}.Debug|Any CPU.ActiveCfg = Debug|Any CPU
		{035DAC0D-B910-3529-AFBB-AD6310C97BC1}.Debug|Any CPU.Build.0 = Debug|Any CPU
		{035DAC0D-B910-3529-AFBB-AD6310C97BC1}.Release|Any CPU.ActiveCfg = Release|Any CPU
		{035DAC0D-B910-3529-AFBB-AD6310C97BC1}.Release|Any CPU.Build.0 = Release|Any CPU
	EndGlobalSection
	GlobalSection(SolutionProperties) = preSolution
		HideSolutionNode = FALSE
	EndGlobalSection
	GlobalSection(ExtensibilityGlobals) = postSolution
		SolutionGuid = {FC549A2B-79D1-4EAA-97D6-10F83D3F51F5}
	EndGlobalSection
EndGlobal
